
Microsoft Visual Studio Solution File, Format Version 12.00
# Visual Studio Version 17
VisualStudioVersion = 17.0.31717.71
MinimumVisualStudioVersion = 10.0.40219.1
Project("{9A19103F-16F7-4668-BE54-9A1E7A4F7556}") = "Sparkfly.Main", "Sparkfly.Main.csproj", "{438FBAD5-A42B-46E3-A939-1EA962390166}"
EndProject
Global
	GlobalSection(SolutionConfigurationPlatforms) = preSolution
		Debug|Any CPU = Debug|Any CPU
		Release|Any CPU = Release|Any CPU
	EndGlobalSection
	GlobalSection(ProjectConfigurationPlatforms) = postSolution
		{438FBAD5-A42B-46E3-A939-1EA962390166}.Debug|Any CPU.ActiveCfg = Debug|Any CPU
		{438FBAD5-A42B-46E3-A939-1EA962390166}.Debug|Any CPU.Build.0 = Debug|Any CPU
		{438FBAD5-A42B-46E3-A939-1EA962390166}.Release|Any CPU.ActiveCfg = Release|Any CPU
		{438FBAD5-A42B-46E3-A939-1EA962390166}.Release|Any CPU.Build.0 = Release|Any CPU
	EndGlobalSection
	GlobalSection(SolutionProperties) = preSolution
		HideSolutionNode = FALSE
	EndGlobalSection
	GlobalSection(ExtensibilityGlobals) = postSolution
		SolutionGuid = {B1026A7F-6667-4003-9581-03BC3D402968}
	EndGlobalSection
EndGlobal